
Microsoft Visual Studio Solution File, Format Version 12.00
# Visual Studio Version 17
VisualStudioVersion = 17.4.33403.182
MinimumVisualStudioVersion = 10.0.40219.1
Project("{9A19103F-16F7-4668-BE54-9A1E7A4F7556}") = "XmlMergerTerraformProvider", "XmlMergerTerraformProvider\XmlMergerTerraformProvider.csproj", "{5CFCFAAD-21F6-4BC1-ADEC-AF4231883F8D}"
EndProject
Project("{9A19103F-16F7-4668-BE54-9A1E7A4F7556}") = "TerraformPluginDotNet", "..\..\TerraformPluginDotNet\TerraformPluginDotNet\TerraformPluginDotNet.csproj", "{51FE0FE8-A6E6-4971-A22F-AD6C536FF913}"
EndProject
Project("{9A19103F-16F7-4668-BE54-9A1E7A4F7556}") = "TerraformPluginDotNet.Testing", "..\..\TerraformPluginDotNet\TerraformPluginDotNet.Testing\TerraformPluginDotNet.Testing.csproj", "{6D1DF1B9-ED6E-4BDF-9018-A574A45D3DAE}"
EndProject
Project("{9A19103F-16F7-4668-BE54-9A1E7A4F7556}") = "XmlMergerTerraformProvider.Tests", "XmlMergerTerraformProvider.Tests\XmlMergerTerraformProvider.Tests.csproj", "{23867AC2-7FF2-4031-906E-C932315A11DF}"
EndProject
Project("{9A19103F-16F7-4668-BE54-9A1E7A4F7556}") = "XmlXdt.RequirementTests", "XmlXdt.RequirementTests\XmlXdt.RequirementTests.csproj", "{B63D50C4-D177-4B37-AF47-64C67100CEB2}"
EndProject
Project("{FAE04EC0-301F-11D3-BF4B-00C04F79EFBC}") = "OpenApiMerger", "OpenApiMerger\OpenApiMerger.csproj", "{5AD31691-56F5-4322-B4CA-E7FB7134A162}"
EndProject
Global
	GlobalSection(SolutionConfigurationPlatforms) = preSolution
		Debug|Any CPU = Debug|Any CPU
		Release|Any CPU = Release|Any CPU
	EndGlobalSection
	GlobalSection(ProjectConfigurationPlatforms) = postSolution
		{5CFCFAAD-21F6-4BC1-ADEC-AF4231883F8D}.Debug|Any CPU.ActiveCfg = Debug|Any CPU
		{5CFCFAAD-21F6-4BC1-ADEC-AF4231883F8D}.Debug|Any CPU.Build.0 = Debug|Any CPU
		{5CFCFAAD-21F6-4BC1-ADEC-AF4231883F8D}.Release|Any CPU.ActiveCfg = Release|Any CPU
		{5CFCFAAD-21F6-4BC1-ADEC-AF4231883F8D}.Release|Any CPU.Build.0 = Release|Any CPU
		{51FE0FE8-A6E6-4971-A22F-AD6C536FF913}.Debug|Any CPU.ActiveCfg = Debug|Any CPU
		{51FE0FE8-A6E6-4971-A22F-AD6C536FF913}.Debug|Any CPU.Build.0 = Debug|Any CPU
		{51FE0FE8-A6E6-4971-A22F-AD6C536FF913}.Release|Any CPU.ActiveCfg = Release|Any CPU
		{51FE0FE8-A6E6-4971-A22F-AD6C536FF913}.Release|Any CPU.Build.0 = Release|Any CPU
		{6D1DF1B9-ED6E-4BDF-9018-A574A45D3DAE}.Debug|Any CPU.ActiveCfg = Debug|Any CPU
		{6D1DF1B9-ED6E-4BDF-9018-A574A45D3DAE}.Debug|Any CPU.Build.0 = Debug|Any CPU
		{6D1DF1B9-ED6E-4BDF-9018-A574A45D3DAE}.Release|Any CPU.ActiveCfg = Release|Any CPU
		{6D1DF1B9-ED6E-4BDF-9018-A574A45D3DAE}.Release|Any CPU.Build.0 = Release|Any CPU
		{23867AC2-7FF2-4031-906E-C932315A11DF}.Debug|Any CPU.ActiveCfg = Debug|Any CPU
		{23867AC2-7FF2-4031-906E-C932315A11DF}.Debug|Any CPU.Build.0 = Debug|Any CPU
		{23867AC2-7FF2-4031-906E-C932315A11DF}.Release|Any CPU.ActiveCfg = Release|Any CPU
		{23867AC2-7FF2-4031-906E-C932315A11DF}.Release|Any CPU.Build.0 = Release|Any CPU
		{B63D50C4-D177-4B37-AF47-64C67100CEB2}.Debug|Any CPU.ActiveCfg = Debug|Any CPU
		{B63D50C4-D177-4B37-AF47-64C67100CEB2}.Debug|Any CPU.Build.0 = Debug|Any CPU
		{B63D50C4-D177-4B37-AF47-64C67100CEB2}.Release|Any CPU.ActiveCfg = Release|Any CPU
		{B63D50C4-D177-4B37-AF47-64C67100CEB2}.Release|Any CPU.Build.0 = Release|Any CPU
		{5AD31691-56F5-4322-B4CA-E7FB7134A162}.Debug|Any CPU.ActiveCfg = Debug|Any CPU
		{5AD31691-56F5-4322-B4CA-E7FB7134A162}.Debug|Any CPU.Build.0 = Debug|Any CPU
		{5AD31691-56F5-4322-B4CA-E7FB7134A162}.Release|Any CPU.ActiveCfg = Release|Any CPU
		{5AD31691-56F5-4322-B4CA-E7FB7134A162}.Release|Any CPU.Build.0 = Release|Any CPU
	EndGlobalSection
	GlobalSection(SolutionProperties) = preSolution
		HideSolutionNode = FALSE
	EndGlobalSection
	GlobalSection(ExtensibilityGlobals) = postSolution
		SolutionGuid = {56B7264C-3386-400C-96F8-1CCCCF0F3234}
	EndGlobalSection
EndGlobal
